
Microsoft Visual Studio Solution File, Format Version 12.00
# Visual Studio Version 16
VisualStudioVersion = 16.0.29020.237
MinimumVisualStudioVersion = 10.0.40219.1
Project("{FAE04EC0-301F-11D3-BF4B-00C04F79EFBC}") = "csgocheats", "csgocheats\csgocheats.csproj", "{D3C21763-D871-439C-A983-1D2820AC07DF}"
EndProject
Global
	GlobalSection(SolutionConfigurationPlatforms) = preSolution
		Debug|Any CPU = Debug|Any CPU
		Release|Any CPU = Release|Any CPU
	EndGlobalSection
	GlobalSection(ProjectConfigurationPlatforms) = postSolution
		{D3C21763-D871-439C-A983-1D2820AC07DF}.Debug|Any CPU.ActiveCfg = Debug|Any CPU
		{D3C21763-D871-439C-A983-1D2820AC07DF}.Debug|Any CPU.Build.0 = Debug|Any CPU
		{D3C21763-D871-439C-A983-1D2820AC07DF}.Release|Any CPU.ActiveCfg = Release|Any CPU
		{D3C21763-D871-439C-A983-1D2820AC07DF}.Release|Any CPU.Build.0 = Release|Any CPU
	EndGlobalSection
	GlobalSection(SolutionProperties) = preSolution
		HideSolutionNode = FALSE
	EndGlobalSection
	GlobalSection(ExtensibilityGlobals) = postSolution
		SolutionGuid = {C4D816A2-08B3-4791-B8D0-D05D4F689925}
	EndGlobalSection
EndGlobal
